# This file was autogenerated by Stack.
# You should not edit this file by hand.
# For more information, please see the documentation at:
#   https://docs.haskellstack.org/en/stable/lock_files

packages:
- completed:
    hackage: WAVE-0.1.6@sha256:f744ff68f5e3a0d1f84fab373ea35970659085d213aef20860357512d0458c5c,1016
    pantry-tree:
      size: 405
      sha256: ee5ccd70fa7fe6ffc360ebd762b2e3f44ae10406aa27f3842d55b8cbd1a19498
  original:
    hackage: WAVE-0.1.6@sha256:f744ff68f5e3a0d1f84fab373ea35970659085d213aef20860357512d0458c5c,1016
- completed:
    hackage: portaudio-0.2.4@sha256:f16a1102187ecc3f08a7510eda5b3081a8a21f2c49d7b4ab5e3cfa8666a81d63,959
    pantry-tree:
      size: 848
      sha256: 6d0d4a1945173716453c83d505db324883d862a4fa7cfb1e550e3f6cd97d6e01
  original:
    hackage: portaudio-0.2.4@sha256:f16a1102187ecc3f08a7510eda5b3081a8a21f2c49d7b4ab5e3cfa8666a81d63,959
snapshots:
- completed:
    size: 590102
    url: https://raw.githubusercontent.com/commercialhaskell/stackage-snapshots/master/lts/18/27.yaml
    sha256: 79a786674930a89301b0e908fad2822a48882f3d01486117693c377b8edffdbe
  original: lts-18.27
